<?xml version="1.0" encoding="utf-8"?>
<Project ToolsVersion="17.0" xmlns="http://schemas.microsoft.com/developer/msbuild/2003">
  <ItemGroup>
    <ClCompile Include="C:\Users\hyuns\Desktop\project\SpaceBalloon_2.0\spaceballoon_stm32_lora32\test\test_kalman\test_main.c">
      <Filter>Source Files</Filter>
    </ClCompile>
    <ClCompile Include="C:\Users\hyuns\Desktop\project\SpaceBalloon_2.0\spaceballoon_stm32_lora32\Core\Src\kalman.c">
      <Filter>Source Files</Filter>
    </ClCompile>
    <ClCompile Include="C:\Users\hyuns\Desktop\project\SpaceBalloon_2.0\spaceballoon_stm32_lora32\test\unity_minimal\unity.c">
      <Filter>Source Files</Filter>
    </ClCompile>
  </ItemGroup>
  <ItemGroup>
    <CustomBuild Include="C:\Users\hyuns\Desktop\project\SpaceBalloon_2.0\spaceballoon_stm32_lora32\test\CMakeLists.txt" />
  </ItemGroup>
  <ItemGroup>
    <Filter Include="Source Files">
      <UniqueIdentifier>{21499CDC-2344-34E9-8D5F-A794BE1D4CC4}</UniqueIdentifier>
    </Filter>
  </ItemGroup>
</Project>
