<?xml version="1.0" encoding="utf-8"?>
<Project ToolsVersion="17.0" xmlns="http://schemas.microsoft.com/developer/msbuild/2003">
  <ItemGroup>
    <CustomBuild Include="C:\Users\hyuns\Desktop\project\SpaceBalloon_2.0\spaceballoon_stm32_lora32\test\build_host\CMakeFiles\385d7c387e3e919cde845c8ffffc6607\generate.stamp.rule">
      <Filter>CMake Rules</Filter>
    </CustomBuild>
  </ItemGroup>
  <ItemGroup>
    <Filter Include="CMake Rules">
      <UniqueIdentifier>{9B19C691-F909-35AE-924D-B3ACCC557300}</UniqueIdentifier>
    </Filter>
  </ItemGroup>
</Project>
