<?xml version="1.0" encoding="utf-8"?>
<Project ToolsVersion="17.0" xmlns="http://schemas.microsoft.com/developer/msbuild/2003">
  <ItemGroup>
    <ClCompile Include="C:\Users\hyuns\Desktop\project\SpaceBalloon_2.0\spaceballoon_stm32_lora32\test\test_drivers\test_main.c">
      <Filter>Source Files</Filter>
    </ClCompile>
    <ClCompile Include="C:\Users\hyuns\Desktop\project\SpaceBalloon_2.0\spaceballoon_stm32_lora32\test\test_drivers\mock_hal.c">
      <Filter>Source Files</Filter>
    </ClCompile>
    <ClCompile Include="C:\Users\hyuns\Desktop\project\SpaceBalloon_2.0\spaceballoon_stm32_lora32\test\test_drivers\sensors_copy.c">
      <Filter>Source Files</Filter>
    </ClCompile>
    <ClCompile Include="C:\Users\hyuns\Desktop\project\SpaceBalloon_2.0\spaceballoon_stm32_lora32\Core\Src\fdir.c">
      <Filter>Source Files</Filter>
    </ClCompile>
    <ClCompile Include="C:\Users\hyuns\Desktop\project\SpaceBalloon_2.0\spaceballoon_stm32_lora32\Core\Drivers\lsm6dsv16x\lsm6dsv16x_reg.c">
      <Filter>Source Files</Filter>
    </ClCompile>
    <ClCompile Include="C:\Users\hyuns\Desktop\project\SpaceBalloon_2.0\spaceballoon_stm32_lora32\Core\Drivers\mlx90393\mlx90393_driver.c">
      <Filter>Source Files</Filter>
    </ClCompile>
    <ClCompile Include="C:\Users\hyuns\Desktop\project\SpaceBalloon_2.0\spaceballoon_stm32_lora32\Core\Drivers\xa1110\xa1110_driver.c">
      <Filter>Source Files</Filter>
    </ClCompile>
    <ClCompile Include="C:\Users\hyuns\Desktop\project\SpaceBalloon_2.0\spaceballoon_stm32_lora32\Core\Drivers\minmea\minmea.c">
      <Filter>Source Files</Filter>
    </ClCompile>
    <ClCompile Include="C:\Users\hyuns\Desktop\project\SpaceBalloon_2.0\spaceballoon_stm32_lora32\Core\Drivers\gdk101\gdk101_driver.c">
      <Filter>Source Files</Filter>
    </ClCompile>
    <ClCompile Include="C:\Users\hyuns\Desktop\project\SpaceBalloon_2.0\spaceballoon_stm32_lora32\Core\Drivers\ms5611\ms5611_driver.c">
      <Filter>Source Files</Filter>
    </ClCompile>
    <ClCompile Include="C:\Users\hyuns\Desktop\project\SpaceBalloon_2.0\spaceballoon_stm32_lora32\Core\Drivers\sht31\sht31_driver.c">
      <Filter>Source Files</Filter>
    </ClCompile>
    <ClCompile Include="C:\Users\hyuns\Desktop\project\SpaceBalloon_2.0\spaceballoon_stm32_lora32\Core\Drivers\pms3003\pms3003_driver.c">
      <Filter>Source Files</Filter>
    </ClCompile>
    <ClCompile Include="C:\Users\hyuns\Desktop\project\SpaceBalloon_2.0\spaceballoon_stm32_lora32\Core\Drivers\sen0321\sen0321_driver.c">
      <Filter>Source Files</Filter>
    </ClCompile>
    <ClCompile Include="C:\Users\hyuns\Desktop\project\SpaceBalloon_2.0\spaceballoon_stm32_lora32\Core\Drivers\mcp9600\mcp9600_driver.c">
      <Filter>Source Files</Filter>
    </ClCompile>
    <ClCompile Include="C:\Users\hyuns\Desktop\project\SpaceBalloon_2.0\spaceballoon_stm32_lora32\Core\Drivers\cm1107n\cm1107n_driver.c">
      <Filter>Source Files</Filter>
    </ClCompile>
    <ClCompile Include="C:\Users\hyuns\Desktop\project\SpaceBalloon_2.0\spaceballoon_stm32_lora32\Core\Drivers\ds18b20\ds18b20_driver.c">
      <Filter>Source Files</Filter>
    </ClCompile>
    <ClCompile Include="C:\Users\hyuns\Desktop\project\SpaceBalloon_2.0\spaceballoon_stm32_lora32\Core\Drivers\ds18b20\ds18b20.c">
      <Filter>Source Files</Filter>
    </ClCompile>
    <ClCompile Include="C:\Users\hyuns\Desktop\project\SpaceBalloon_2.0\spaceballoon_stm32_lora32\Core\Drivers\ds18b20\ownet.c">
      <Filter>Source Files</Filter>
    </ClCompile>
    <ClCompile Include="C:\Users\hyuns\Desktop\project\SpaceBalloon_2.0\spaceballoon_stm32_lora32\Core\Drivers\ds18b20\owhal_mock.c">
      <Filter>Source Files</Filter>
    </ClCompile>
    <ClCompile Include="C:\Users\hyuns\Desktop\project\SpaceBalloon_2.0\spaceballoon_stm32_lora32\Core\Drivers\ds18b20\crcutil.c">
      <Filter>Source Files</Filter>
    </ClCompile>
    <ClCompile Include="C:\Users\hyuns\Desktop\project\SpaceBalloon_2.0\spaceballoon_stm32_lora32\test\unity_minimal\unity.c">
      <Filter>Source Files</Filter>
    </ClCompile>
  </ItemGroup>
  <ItemGroup>
    <CustomBuild Include="C:\Users\hyuns\Desktop\project\SpaceBalloon_2.0\spaceballoon_stm32_lora32\test\CMakeLists.txt" />
  </ItemGroup>
  <ItemGroup>
    <Filter Include="Source Files">
      <UniqueIdentifier>{0F22EC97-0BC2-3845-AC16-8564D9332E46}</UniqueIdentifier>
    </Filter>
  </ItemGroup>
</Project>
