
Microsoft Visual Studio Solution File, Format Version 12.00
# Visual Studio Version 17
Project("{8BC9CEB8-8B4A-11D0-8D11-00A0C91BC942}") = "ALL_BUILD", "ALL_BUILD.vcxproj", "{F17A2F02-CEC5-31CA-8288-D4197A0F9CE2}"
	ProjectSection(ProjectDependencies) = postProject
		{69B8E8C3-F942-3071-8AB4-2A99706D5BC5} = {69B8E8C3-F942-3071-8AB4-2A99706D5BC5}
		{FC93E196-89F7-37E2-A67B-6B8158D4D52E} = {FC93E196-89F7-37E2-A67B-6B8158D4D52E}
	EndProjectSection
EndProject
Project("{8BC9CEB8-8B4A-11D0-8D11-00A0C91BC942}") = "ZERO_CHECK", "ZERO_CHECK.vcxproj", "{69B8E8C3-F942-3071-8AB4-2A99706D5BC5}"
	ProjectSection(ProjectDependencies) = postProject
	EndProjectSection
EndProject
Project("{8BC9CEB8-8B4A-11D0-8D11-00A0C91BC942}") = "stm32_spaceballoon", "stm32_spaceballoon.vcxproj", "{FC93E196-89F7-37E2-A67B-6B8158D4D52E}"
	ProjectSection(ProjectDependencies) = postProject
		{69B8E8C3-F942-3071-8AB4-2A99706D5BC5} = {69B8E8C3-F942-3071-8AB4-2A99706D5BC5}
	EndProjectSection
EndProject
Global
	GlobalSection(SolutionConfigurationPlatforms) = preSolution
		Debug|x64 = Debug|x64
		Release|x64 = Release|x64
		MinSizeRel|x64 = MinSizeRel|x64
		RelWithDebInfo|x64 = RelWithDebInfo|x64
	EndGlobalSection
	GlobalSection(ProjectConfigurationPlatforms) = postSolution
		{F17A2F02-CEC5-31CA-8288-D4197A0F9CE2}.Debug|x64.ActiveCfg = Debug|x64
		{F17A2F02-CEC5-31CA-8288-D4197A0F9CE2}.Release|x64.ActiveCfg = Release|x64
		{F17A2F02-CEC5-31CA-8288-D4197A0F9CE2}.MinSizeRel|x64.ActiveCfg = MinSizeRel|x64
		{F17A2F02-CEC5-31CA-8288-D4197A0F9CE2}.RelWithDebInfo|x64.ActiveCfg = RelWithDebInfo|x64
		{69B8E8C3-F942-3071-8AB4-2A99706D5BC5}.Debug|x64.ActiveCfg = Debug|x64
		{69B8E8C3-F942-3071-8AB4-2A99706D5BC5}.Debug|x64.Build.0 = Debug|x64
		{69B8E8C3-F942-3071-8AB4-2A99706D5BC5}.Release|x64.ActiveCfg = Release|x64
		{69B8E8C3-F942-3071-8AB4-2A99706D5BC5}.Release|x64.Build.0 = Release|x64
		{69B8E8C3-F942-3071-8AB4-2A99706D5BC5}.MinSizeRel|x64.ActiveCfg = MinSizeRel|x64
		{69B8E8C3-F942-3071-8AB4-2A99706D5BC5}.MinSizeRel|x64.Build.0 = MinSizeRel|x64
		{69B8E8C3-F942-3071-8AB4-2A99706D5BC5}.RelWithDebInfo|x64.ActiveCfg = RelWithDebInfo|x64
		{69B8E8C3-F942-3071-8AB4-2A99706D5BC5}.RelWithDebInfo|x64.Build.0 = RelWithDebInfo|x64
		{FC93E196-89F7-37E2-A67B-6B8158D4D52E}.Debug|x64.ActiveCfg = Debug|x64
		{FC93E196-89F7-37E2-A67B-6B8158D4D52E}.Debug|x64.Build.0 = Debug|x64
		{FC93E196-89F7-37E2-A67B-6B8158D4D52E}.Release|x64.ActiveCfg = Release|x64
		{FC93E196-89F7-37E2-A67B-6B8158D4D52E}.Release|x64.Build.0 = Release|x64
		{FC93E196-89F7-37E2-A67B-6B8158D4D52E}.MinSizeRel|x64.ActiveCfg = MinSizeRel|x64
		{FC93E196-89F7-37E2-A67B-6B8158D4D52E}.MinSizeRel|x64.Build.0 = MinSizeRel|x64
		{FC93E196-89F7-37E2-A67B-6B8158D4D52E}.RelWithDebInfo|x64.ActiveCfg = RelWithDebInfo|x64
		{FC93E196-89F7-37E2-A67B-6B8158D4D52E}.RelWithDebInfo|x64.Build.0 = RelWithDebInfo|x64
	EndGlobalSection
	GlobalSection(ExtensibilityGlobals) = postSolution
		SolutionGuid = {99AC178B-145B-33F5-BB0D-278827EF0692}
	EndGlobalSection
	GlobalSection(ExtensibilityAddIns) = postSolution
	EndGlobalSection
EndGlobal
