<?xml version="1.0" encoding="utf-8"?>
<Project ToolsVersion="17.0" xmlns="http://schemas.microsoft.com/developer/msbuild/2003">
  <ItemGroup>
    <ClCompile Include="C:\Users\hyuns\Desktop\project\SpaceBalloon_2.0\spaceballoon_stm32_lora32\Core\Src\main.c">
      <Filter>Source Files</Filter>
    </ClCompile>
    <ClCompile Include="C:\Users\hyuns\Desktop\project\SpaceBalloon_2.0\spaceballoon_stm32_lora32\Core\Src\gpio.c">
      <Filter>Source Files</Filter>
    </ClCompile>
    <ClCompile Include="C:\Users\hyuns\Desktop\project\SpaceBalloon_2.0\spaceballoon_stm32_lora32\Core\Src\dma.c">
      <Filter>Source Files</Filter>
    </ClCompile>
    <ClCompile Include="C:\Users\hyuns\Desktop\project\SpaceBalloon_2.0\spaceballoon_stm32_lora32\Core\Src\i2c.c">
      <Filter>Source Files</Filter>
    </ClCompile>
    <ClCompile Include="C:\Users\hyuns\Desktop\project\SpaceBalloon_2.0\spaceballoon_stm32_lora32\Core\Src\usart.c">
      <Filter>Source Files</Filter>
    </ClCompile>
    <ClCompile Include="C:\Users\hyuns\Desktop\project\SpaceBalloon_2.0\spaceballoon_stm32_lora32\Core\Src\adc.c">
      <Filter>Source Files</Filter>
    </ClCompile>
    <ClCompile Include="C:\Users\hyuns\Desktop\project\SpaceBalloon_2.0\spaceballoon_stm32_lora32\Core\Src\rtc.c">
      <Filter>Source Files</Filter>
    </ClCompile>
    <ClCompile Include="C:\Users\hyuns\Desktop\project\SpaceBalloon_2.0\spaceballoon_stm32_lora32\Core\Src\iwdg.c">
      <Filter>Source Files</Filter>
    </ClCompile>
    <ClCompile Include="C:\Users\hyuns\Desktop\project\SpaceBalloon_2.0\spaceballoon_stm32_lora32\Core\Src\tim.c">
      <Filter>Source Files</Filter>
    </ClCompile>
    <ClCompile Include="C:\Users\hyuns\Desktop\project\SpaceBalloon_2.0\spaceballoon_stm32_lora32\Core\Src\stm32g4xx_it.c">
      <Filter>Source Files</Filter>
    </ClCompile>
    <ClCompile Include="C:\Users\hyuns\Desktop\project\SpaceBalloon_2.0\spaceballoon_stm32_lora32\Core\Src\stm32g4xx_hal_msp.c">
      <Filter>Source Files</Filter>
    </ClCompile>
    <ClCompile Include="C:\Users\hyuns\Desktop\project\SpaceBalloon_2.0\spaceballoon_stm32_lora32\Core\Src\stm32g4xx_hal_timebase_tim.c">
      <Filter>Source Files</Filter>
    </ClCompile>
    <ClCompile Include="C:\Users\hyuns\Desktop\project\SpaceBalloon_2.0\spaceballoon_stm32_lora32\Core\Src\system_stm32g4xx.c">
      <Filter>Source Files</Filter>
    </ClCompile>
    <ClCompile Include="C:\Users\hyuns\Desktop\project\SpaceBalloon_2.0\spaceballoon_stm32_lora32\Core\Src\sysmem.c">
      <Filter>Source Files</Filter>
    </ClCompile>
    <ClCompile Include="C:\Users\hyuns\Desktop\project\SpaceBalloon_2.0\spaceballoon_stm32_lora32\Core\Src\syscalls.c">
      <Filter>Source Files</Filter>
    </ClCompile>
    <ClCompile Include="C:\Users\hyuns\Desktop\project\SpaceBalloon_2.0\spaceballoon_stm32_lora32\Core\Src\actuators.c">
      <Filter>Source Files</Filter>
    </ClCompile>
    <ClCompile Include="C:\Users\hyuns\Desktop\project\SpaceBalloon_2.0\spaceballoon_stm32_lora32\Core\Src\app.c">
      <Filter>Source Files</Filter>
    </ClCompile>
    <ClCompile Include="C:\Users\hyuns\Desktop\project\SpaceBalloon_2.0\spaceballoon_stm32_lora32\Core\Src\fdir.c">
      <Filter>Source Files</Filter>
    </ClCompile>
    <ClCompile Include="C:\Users\hyuns\Desktop\project\SpaceBalloon_2.0\spaceballoon_stm32_lora32\Core\Src\kalman.c">
      <Filter>Source Files</Filter>
    </ClCompile>
    <ClCompile Include="C:\Users\hyuns\Desktop\project\SpaceBalloon_2.0\spaceballoon_stm32_lora32\Core\Src\pid.c">
      <Filter>Source Files</Filter>
    </ClCompile>
    <ClCompile Include="C:\Users\hyuns\Desktop\project\SpaceBalloon_2.0\spaceballoon_stm32_lora32\Core\Src\sensors.c">
      <Filter>Source Files</Filter>
    </ClCompile>
    <ClCompile Include="C:\Users\hyuns\Desktop\project\SpaceBalloon_2.0\spaceballoon_stm32_lora32\Core\Src\telemetry.c">
      <Filter>Source Files</Filter>
    </ClCompile>
    <ClCompile Include="C:\Users\hyuns\Desktop\project\SpaceBalloon_2.0\spaceballoon_stm32_lora32\Core\Src\xcp.c">
      <Filter>Source Files</Filter>
    </ClCompile>
    <ClCompile Include="C:\Users\hyuns\Desktop\project\SpaceBalloon_2.0\spaceballoon_stm32_lora32\Core\Src\bsp.c">
      <Filter>Source Files</Filter>
    </ClCompile>
    <ClCompile Include="C:\Users\hyuns\Desktop\project\SpaceBalloon_2.0\spaceballoon_stm32_lora32\Drivers\STM32G4xx_HAL_Driver\Src\stm32g4xx_hal.c">
      <Filter>Source Files</Filter>
    </ClCompile>
    <ClCompile Include="C:\Users\hyuns\Desktop\project\SpaceBalloon_2.0\spaceballoon_stm32_lora32\Drivers\STM32G4xx_HAL_Driver\Src\stm32g4xx_hal_rcc.c">
      <Filter>Source Files</Filter>
    </ClCompile>
    <ClCompile Include="C:\Users\hyuns\Desktop\project\SpaceBalloon_2.0\spaceballoon_stm32_lora32\Drivers\STM32G4xx_HAL_Driver\Src\stm32g4xx_hal_rcc_ex.c">
      <Filter>Source Files</Filter>
    </ClCompile>
    <ClCompile Include="C:\Users\hyuns\Desktop\project\SpaceBalloon_2.0\spaceballoon_stm32_lora32\Drivers\STM32G4xx_HAL_Driver\Src\stm32g4xx_hal_gpio.c">
      <Filter>Source Files</Filter>
    </ClCompile>
    <ClCompile Include="C:\Users\hyuns\Desktop\project\SpaceBalloon_2.0\spaceballoon_stm32_lora32\Drivers\STM32G4xx_HAL_Driver\Src\stm32g4xx_hal_dma.c">
      <Filter>Source Files</Filter>
    </ClCompile>
    <ClCompile Include="C:\Users\hyuns\Desktop\project\SpaceBalloon_2.0\spaceballoon_stm32_lora32\Drivers\STM32G4xx_HAL_Driver\Src\stm32g4xx_hal_dma_ex.c">
      <Filter>Source Files</Filter>
    </ClCompile>
    <ClCompile Include="C:\Users\hyuns\Desktop\project\SpaceBalloon_2.0\spaceballoon_stm32_lora32\Drivers\STM32G4xx_HAL_Driver\Src\stm32g4xx_hal_cortex.c">
      <Filter>Source Files</Filter>
    </ClCompile>
    <ClCompile Include="C:\Users\hyuns\Desktop\project\SpaceBalloon_2.0\spaceballoon_stm32_lora32\Drivers\STM32G4xx_HAL_Driver\Src\stm32g4xx_hal_pwr.c">
      <Filter>Source Files</Filter>
    </ClCompile>
    <ClCompile Include="C:\Users\hyuns\Desktop\project\SpaceBalloon_2.0\spaceballoon_stm32_lora32\Drivers\STM32G4xx_HAL_Driver\Src\stm32g4xx_hal_pwr_ex.c">
      <Filter>Source Files</Filter>
    </ClCompile>
    <ClCompile Include="C:\Users\hyuns\Desktop\project\SpaceBalloon_2.0\spaceballoon_stm32_lora32\Drivers\STM32G4xx_HAL_Driver\Src\stm32g4xx_hal_flash.c">
      <Filter>Source Files</Filter>
    </ClCompile>
    <ClCompile Include="C:\Users\hyuns\Desktop\project\SpaceBalloon_2.0\spaceballoon_stm32_lora32\Drivers\STM32G4xx_HAL_Driver\Src\stm32g4xx_hal_flash_ex.c">
      <Filter>Source Files</Filter>
    </ClCompile>
    <ClCompile Include="C:\Users\hyuns\Desktop\project\SpaceBalloon_2.0\spaceballoon_stm32_lora32\Drivers\STM32G4xx_HAL_Driver\Src\stm32g4xx_hal_flash_ramfunc.c">
      <Filter>Source Files</Filter>
    </ClCompile>
    <ClCompile Include="C:\Users\hyuns\Desktop\project\SpaceBalloon_2.0\spaceballoon_stm32_lora32\Drivers\STM32G4xx_HAL_Driver\Src\stm32g4xx_hal_exti.c">
      <Filter>Source Files</Filter>
    </ClCompile>
    <ClCompile Include="C:\Users\hyuns\Desktop\project\SpaceBalloon_2.0\spaceballoon_stm32_lora32\Drivers\STM32G4xx_HAL_Driver\Src\stm32g4xx_hal_i2c.c">
      <Filter>Source Files</Filter>
    </ClCompile>
    <ClCompile Include="C:\Users\hyuns\Desktop\project\SpaceBalloon_2.0\spaceballoon_stm32_lora32\Drivers\STM32G4xx_HAL_Driver\Src\stm32g4xx_hal_i2c_ex.c">
      <Filter>Source Files</Filter>
    </ClCompile>
    <ClCompile Include="C:\Users\hyuns\Desktop\project\SpaceBalloon_2.0\spaceballoon_stm32_lora32\Drivers\STM32G4xx_HAL_Driver\Src\stm32g4xx_hal_uart.c">
      <Filter>Source Files</Filter>
    </ClCompile>
    <ClCompile Include="C:\Users\hyuns\Desktop\project\SpaceBalloon_2.0\spaceballoon_stm32_lora32\Drivers\STM32G4xx_HAL_Driver\Src\stm32g4xx_hal_uart_ex.c">
      <Filter>Source Files</Filter>
    </ClCompile>
    <ClCompile Include="C:\Users\hyuns\Desktop\project\SpaceBalloon_2.0\spaceballoon_stm32_lora32\Drivers\STM32G4xx_HAL_Driver\Src\stm32g4xx_hal_adc.c">
      <Filter>Source Files</Filter>
    </ClCompile>
    <ClCompile Include="C:\Users\hyuns\Desktop\project\SpaceBalloon_2.0\spaceballoon_stm32_lora32\Drivers\STM32G4xx_HAL_Driver\Src\stm32g4xx_hal_adc_ex.c">
      <Filter>Source Files</Filter>
    </ClCompile>
    <ClCompile Include="C:\Users\hyuns\Desktop\project\SpaceBalloon_2.0\spaceballoon_stm32_lora32\Drivers\STM32G4xx_HAL_Driver\Src\stm32g4xx_hal_rtc.c">
      <Filter>Source Files</Filter>
    </ClCompile>
    <ClCompile Include="C:\Users\hyuns\Desktop\project\SpaceBalloon_2.0\spaceballoon_stm32_lora32\Drivers\STM32G4xx_HAL_Driver\Src\stm32g4xx_hal_rtc_ex.c">
      <Filter>Source Files</Filter>
    </ClCompile>
    <ClCompile Include="C:\Users\hyuns\Desktop\project\SpaceBalloon_2.0\spaceballoon_stm32_lora32\Drivers\STM32G4xx_HAL_Driver\Src\stm32g4xx_hal_iwdg.c">
      <Filter>Source Files</Filter>
    </ClCompile>
    <ClCompile Include="C:\Users\hyuns\Desktop\project\SpaceBalloon_2.0\spaceballoon_stm32_lora32\Drivers\STM32G4xx_HAL_Driver\Src\stm32g4xx_hal_tim.c">
      <Filter>Source Files</Filter>
    </ClCompile>
    <ClCompile Include="C:\Users\hyuns\Desktop\project\SpaceBalloon_2.0\spaceballoon_stm32_lora32\Drivers\STM32G4xx_HAL_Driver\Src\stm32g4xx_hal_tim_ex.c">
      <Filter>Source Files</Filter>
    </ClCompile>
    <ClCompile Include="C:\Users\hyuns\Desktop\project\SpaceBalloon_2.0\spaceballoon_stm32_lora32\Core\Drivers\cm1107n\cm1107n_driver.c">
      <Filter>Source Files</Filter>
    </ClCompile>
    <ClCompile Include="C:\Users\hyuns\Desktop\project\SpaceBalloon_2.0\spaceballoon_stm32_lora32\Core\Drivers\ds18b20\crcutil.c">
      <Filter>Source Files</Filter>
    </ClCompile>
    <ClCompile Include="C:\Users\hyuns\Desktop\project\SpaceBalloon_2.0\spaceballoon_stm32_lora32\Core\Drivers\ds18b20\ds18b20.c">
      <Filter>Source Files</Filter>
    </ClCompile>
    <ClCompile Include="C:\Users\hyuns\Desktop\project\SpaceBalloon_2.0\spaceballoon_stm32_lora32\Core\Drivers\ds18b20\ds18b20_driver.c">
      <Filter>Source Files</Filter>
    </ClCompile>
    <ClCompile Include="C:\Users\hyuns\Desktop\project\SpaceBalloon_2.0\spaceballoon_stm32_lora32\Core\Drivers\ds18b20\owlink.c">
      <Filter>Source Files</Filter>
    </ClCompile>
    <ClCompile Include="C:\Users\hyuns\Desktop\project\SpaceBalloon_2.0\spaceballoon_stm32_lora32\Core\Drivers\ds18b20\ownet.c">
      <Filter>Source Files</Filter>
    </ClCompile>
    <ClCompile Include="C:\Users\hyuns\Desktop\project\SpaceBalloon_2.0\spaceballoon_stm32_lora32\Core\Drivers\gdk101\gdk101_driver.c">
      <Filter>Source Files</Filter>
    </ClCompile>
    <ClCompile Include="C:\Users\hyuns\Desktop\project\SpaceBalloon_2.0\spaceballoon_stm32_lora32\Core\Drivers\lsm6dsv16x\lsm6dsv16x_reg.c">
      <Filter>Source Files</Filter>
    </ClCompile>
    <ClCompile Include="C:\Users\hyuns\Desktop\project\SpaceBalloon_2.0\spaceballoon_stm32_lora32\Core\Drivers\mcp9600\mcp9600_driver.c">
      <Filter>Source Files</Filter>
    </ClCompile>
    <ClCompile Include="C:\Users\hyuns\Desktop\project\SpaceBalloon_2.0\spaceballoon_stm32_lora32\Core\Drivers\minmea\minmea.c">
      <Filter>Source Files</Filter>
    </ClCompile>
    <ClCompile Include="C:\Users\hyuns\Desktop\project\SpaceBalloon_2.0\spaceballoon_stm32_lora32\Core\Drivers\mlx90393\mlx90393_driver.c">
      <Filter>Source Files</Filter>
    </ClCompile>
    <ClCompile Include="C:\Users\hyuns\Desktop\project\SpaceBalloon_2.0\spaceballoon_stm32_lora32\Core\Drivers\ms5611\ms5611_driver.c">
      <Filter>Source Files</Filter>
    </ClCompile>
    <ClCompile Include="C:\Users\hyuns\Desktop\project\SpaceBalloon_2.0\spaceballoon_stm32_lora32\Core\Drivers\pms3003\pms3003_driver.c">
      <Filter>Source Files</Filter>
    </ClCompile>
    <ClCompile Include="C:\Users\hyuns\Desktop\project\SpaceBalloon_2.0\spaceballoon_stm32_lora32\Core\Drivers\sen0321\sen0321_driver.c">
      <Filter>Source Files</Filter>
    </ClCompile>
    <ClCompile Include="C:\Users\hyuns\Desktop\project\SpaceBalloon_2.0\spaceballoon_stm32_lora32\Core\Drivers\sht31\sht31_driver.c">
      <Filter>Source Files</Filter>
    </ClCompile>
    <ClCompile Include="C:\Users\hyuns\Desktop\project\SpaceBalloon_2.0\spaceballoon_stm32_lora32\Core\Drivers\xa1110\xa1110_driver.c">
      <Filter>Source Files</Filter>
    </ClCompile>
  </ItemGroup>
  <ItemGroup>
    <CustomBuild Include="C:\Users\hyuns\Desktop\project\SpaceBalloon_2.0\spaceballoon_stm32_lora32\CMakeLists.txt" />
  </ItemGroup>
  <ItemGroup>
    <None Include="C:\Users\hyuns\Desktop\project\SpaceBalloon_2.0\spaceballoon_stm32_lora32\startup_stm32g431xx.s" />
  </ItemGroup>
  <ItemGroup>
    <Filter Include="Source Files">
      <UniqueIdentifier>{73986371-747B-34CD-B1CC-5281808B9449}</UniqueIdentifier>
    </Filter>
  </ItemGroup>
</Project>
